# This file is automatically @generated by Cargo.
# It is not intended for manual editing.
version = 3

[[package]]
name = "aho-corasick"
version = "1.1.3"
source = "registry+https://github.com/rust-lang/crates.io-index"
checksum = "8e60d3430d3a69478ad0993f19238d2df97c507009a52b3c10addcd7f6bcb916"
dependencies = [
 "memchr",
]

[[package]]
name = "autocfg"
version = "1.1.0"
source = "registry+https://github.com/rust-lang/crates.io-index"
checksum = "d468802bab17cbc0cc575e9b053f41e72aa36bfa6b7f55e3529ffa43161b97fa"

[[package]]
name = "crossbeam-deque"
version = "0.8.5"
source = "registry+https://github.com/rust-lang/crates.io-index"
checksum = "613f8cc01fe9cf1a3eb3d7f488fd2fa8388403e97039e2f73692932e291a770d"
dependencies = [
 "crossbeam-epoch",
 "crossbeam-utils",
]

[[package]]
name = "crossbeam-epoch"
version = "0.9.18"
source = "registry+https://github.com/rust-lang/crates.io-index"
checksum = "5b82ac4a3c2ca9c3460964f020e1402edd5753411d7737aa39c3714ad1b5420e"
dependencies = [
 "crossbeam-utils",
]

[[package]]
name = "crossbeam-utils"
version = "0.8.19"
source = "registry+https://github.com/rust-lang/crates.io-index"
checksum = "248e3bacc7dc6baa3b21e405ee045c3047101a49145e7e9eca583ab4c2ca5345"

[[package]]
name = "day01_1_2020"
version = "0.1.0"

[[package]]
name = "day01_2021"
version = "0.1.0"

[[package]]
name = "day01_2022"
version = "0.1.0"

[[package]]
name = "day01_2023"
version = "0.1.0"
dependencies = [
 "memchr",
]

[[package]]
name = "day01_2_2020"
version = "0.1.0"

[[package]]
name = "day02_1_2020"
version = "0.1.0"

[[package]]
name = "day02_2021"
version = "0.1.0"

[[package]]
name = "day02_2022"
version = "0.1.0"

[[package]]
name = "day02_2023"
version = "0.1.0"

[[package]]
name = "day02_2_2020"
version = "0.1.0"

[[package]]
name = "day03_1_2020"
version = "0.1.0"

[[package]]
name = "day03_2021"
version = "0.1.0"

[[package]]
name = "day03_2022"
version = "0.1.0"

[[package]]
name = "day03_2023"
version = "0.1.0"

[[package]]
name = "day03_2_2020"
version = "0.1.0"

[[package]]
name = "day04_1_2020"
version = "0.1.0"

[[package]]
name = "day04_2021"
version = "0.1.0"

[[package]]
name = "day04_2022"
version = "0.1.0"

[[package]]
name = "day04_2023"
version = "0.1.0"

[[package]]
name = "day04_2_2020"
version = "0.1.0"
dependencies = [
 "regex",
]

[[package]]
name = "day05_1_2020"
version = "0.1.0"

[[package]]
name = "day05_2021"
version = "0.1.0"

[[package]]
name = "day05_2022"
version = "0.1.0"

[[package]]
name = "day05_2023"
version = "0.1.0"

[[package]]
name = "day05_2_2020"
version = "0.1.0"

[[package]]
name = "day06_1_2020"
version = "0.1.0"

[[package]]
name = "day06_2021"
version = "0.1.0"

[[package]]
name = "day06_2022"
version = "0.1.0"

[[package]]
name = "day06_2023"
version = "0.1.0"

[[package]]
name = "day06_2_2020"
version = "0.1.0"

[[package]]
name = "day07_1_2020"
version = "0.1.0"

[[package]]
name = "day07_2021"
version = "0.1.0"

[[package]]
name = "day07_2022"
version = "0.1.0"

[[package]]
name = "day07_2023"
version = "0.1.0"

[[package]]
name = "day07_2_2020"
version = "0.1.0"

[[package]]
name = "day08_1_2020"
version = "0.1.0"

[[package]]
name = "day08_2021"
version = "0.1.0"

[[package]]
name = "day08_2022"
version = "0.1.0"
dependencies = [
 "rayon",
]

[[package]]
name = "day08_2023"
version = "0.1.0"
dependencies = [
 "num",
]

[[package]]
name = "day08_2_2020"
version = "0.1.0"

[[package]]
name = "day09_1_2020"
version = "0.1.0"

[[package]]
name = "day09_2022"
version = "0.1.0"

[[package]]
name = "day09_2023"
version = "0.1.0"

[[package]]
name = "day09_2_2020"
version = "0.1.0"

[[package]]
name = "day10_1_2020"
version = "0.1.0"

[[package]]
name = "day10_2022"
version = "0.1.0"

[[package]]
name = "day10_2023"
version = "0.1.0"

[[package]]
name = "day10_2_2020"
version = "0.1.0"

[[package]]
name = "day11_1_2020"
version = "0.1.0"

[[package]]
name = "day11_2_2020"
version = "0.1.0"

[[package]]
name = "day12_1_2020"
version = "0.1.0"

[[package]]
name = "day12_2_2020"
version = "0.1.0"

[[package]]
name = "day13_1_2020"
version = "0.1.0"

[[package]]
name = "day13_2_2020"
version = "0.1.0"

[[package]]
name = "day19_1_2020"
version = "0.1.0"

[[package]]
name = "either"
version = "1.10.0"
source = "registry+https://github.com/rust-lang/crates.io-index"
checksum = "11157ac094ffbdde99aa67b23417ebdd801842852b500e395a45a9c0aac03e4a"

[[package]]
name = "memchr"
version = "2.7.1"
source = "registry+https://github.com/rust-lang/crates.io-index"
checksum = "523dc4f511e55ab87b694dc30d0f820d60906ef06413f93d4d7a1385599cc149"

[[package]]
name = "num"
version = "0.4.1"
source = "registry+https://github.com/rust-lang/crates.io-index"
checksum = "b05180d69e3da0e530ba2a1dae5110317e49e3b7f3d41be227dc5f92e49ee7af"
dependencies = [
 "num-bigint",
 "num-complex",
 "num-integer",
 "num-iter",
 "num-rational",
 "num-traits",
]

[[package]]
name = "num-bigint"
version = "0.4.4"
source = "registry+https://github.com/rust-lang/crates.io-index"
checksum = "608e7659b5c3d7cba262d894801b9ec9d00de989e8a82bd4bef91d08da45cdc0"
dependencies = [
 "autocfg",
 "num-integer",
 "num-traits",
]

[[package]]
name = "num-complex"
version = "0.4.5"
source = "registry+https://github.com/rust-lang/crates.io-index"
checksum = "23c6602fda94a57c990fe0df199a035d83576b496aa29f4e634a8ac6004e68a6"
dependencies = [
 "num-traits",
]

[[package]]
name = "num-integer"
version = "0.1.46"
source = "registry+https://github.com/rust-lang/crates.io-index"
checksum = "7969661fd2958a5cb096e56c8e1ad0444ac2bbcd0061bd28660485a44879858f"
dependencies = [
 "num-traits",
]

[[package]]
name = "num-iter"
version = "0.1.44"
source = "registry+https://github.com/rust-lang/crates.io-index"
checksum = "d869c01cc0c455284163fd0092f1f93835385ccab5a98a0dcc497b2f8bf055a9"
dependencies = [
 "autocfg",
 "num-integer",
 "num-traits",
]

[[package]]
name = "num-rational"
version = "0.4.1"
source = "registry+https://github.com/rust-lang/crates.io-index"
checksum = "0638a1c9d0a3c0914158145bc76cff373a75a627e6ecbfb71cbe6f453a5a19b0"
dependencies = [
 "autocfg",
 "num-bigint",
 "num-integer",
 "num-traits",
]

[[package]]
name = "num-traits"
version = "0.2.18"
source = "registry+https://github.com/rust-lang/crates.io-index"
checksum = "da0df0e5185db44f69b44f26786fe401b6c293d1907744beaa7fa62b2e5a517a"
dependencies = [
 "autocfg",
]

[[package]]
name = "rayon"
version = "1.9.0"
source = "registry+https://github.com/rust-lang/crates.io-index"
checksum = "e4963ed1bc86e4f3ee217022bd855b297cef07fb9eac5dfa1f788b220b49b3bd"
dependencies = [
 "either",
 "rayon-core",
]

[[package]]
name = "rayon-core"
version = "1.12.1"
source = "registry+https://github.com/rust-lang/crates.io-index"
checksum = "1465873a3dfdaa8ae7cb14b4383657caab0b3e8a0aa9ae8e04b044854c8dfce2"
dependencies = [
 "crossbeam-deque",
 "crossbeam-utils",
]

[[package]]
name = "regex"
version = "1.10.4"
source = "registry+https://github.com/rust-lang/crates.io-index"
checksum = "c117dbdfde9c8308975b6a18d71f3f385c89461f7b3fb054288ecf2a2058ba4c"
dependencies = [
 "aho-corasick",
 "memchr",
 "regex-automata",
 "regex-syntax",
]

[[package]]
name = "regex-automata"
version = "0.4.6"
source = "registry+https://github.com/rust-lang/crates.io-index"
checksum = "86b83b8b9847f9bf95ef68afb0b8e6cdb80f498442f5179a29fad448fcc1eaea"
dependencies = [
 "aho-corasick",
 "memchr",
 "regex-syntax",
]

[[package]]
name = "regex-syntax"
version = "0.8.2"
source = "registry+https://github.com/rust-lang/crates.io-index"
checksum = "c08c74e62047bb2de4ff487b251e4a92e24f48745648451635cec7d591162d9f"
